Microsoft Visual Studio Solution File, Format Version 12.00
# Visual Studio Version 17
VisualStudioVersion = 17.5.2.0
MinimumVisualStudioVersion = 10.0.40219.1
Project("{2150E333-8FDC-42A3-9474-1A3956D46DE8}") = "SigmaBoy", "SigmaBoy", "{70D92338-6721-513A-6E08-DCA72894D8AD}"
EndProject
Project("{FAE04EC0-301F-11D3-BF4B-00C04F79EFBC}") = "singelton", "SigmaBoy\singelton\singelton.csproj", "{9E101C71-BFDC-FAD5-4041-6BAAD8E7FB62}"
EndProject
Global
	GlobalSection(SolutionConfigurationPlatforms) = preSolution
		Debug|Any CPU = Debug|Any CPU
		Release|Any CPU = Release|Any CPU
	EndGlobalSection
	GlobalSection(ProjectConfigurationPlatforms) = postSolution
		{9E101C71-BFDC-FAD5-4041-6BAAD8E7FB62}.Debug|Any CPU.ActiveCfg = Debug|Any CPU
		{9E101C71-BFDC-FAD5-4041-6BAAD8E7FB62}.Debug|Any CPU.Build.0 = Debug|Any CPU
		{9E101C71-BFDC-FAD5-4041-6BAAD8E7FB62}.Release|Any CPU.ActiveCfg = Release|Any CPU
		{9E101C71-BFDC-FAD5-4041-6BAAD8E7FB62}.Release|Any CPU.Build.0 = Release|Any CPU
	EndGlobalSection
	GlobalSection(SolutionProperties) = preSolution
		HideSolutionNode = FALSE
	EndGlobalSection
	GlobalSection(NestedProjects) = preSolution
		{9E101C71-BFDC-FAD5-4041-6BAAD8E7FB62} = {70D92338-6721-513A-6E08-DCA72894D8AD}
	EndGlobalSection
	GlobalSection(ExtensibilityGlobals) = postSolution
		SolutionGuid = {B6C1B51B-B5C2-4A73-9487-A3AC00A425E1}
	EndGlobalSection
EndGlobal
